
Microsoft Visual Studio Solution File, Format Version 12.00
# Visual Studio 15
VisualStudioVersion = 15.0.25807.0
MinimumVisualStudioVersion = 10.0.40219.1
Project("{2150E333-8FDC-42A3-9474-1A3956D46DE8}") = "Engine", "Engine", "{B11EF7D1-7549-46E0-8378-95B84C06087F}"
EndProject
Project("{2150E333-8FDC-42A3-9474-1A3956D46DE8}") = "Games", "Games", "{83380310-81A0-4468-A04A-B716BE88FB6F}"
EndProject
Project("{8BC9CEB8-8B4A-11D0-8D11-00A0C91BC942}") = "UE4", "Intermediate\ProjectFiles\UE4.vcxproj", "{52652C19-B31E-4AEF-9C76-D5D2398CF3AF}"
EndProject
Project("{8BC9CEB8-8B4A-11D0-8D11-00A0C91BC942}") = "BattleTank", "Intermediate\ProjectFiles\BattleTank.vcxproj", "{82DC2F90-50B5-47E6-8D8A-90D0095662BB}"
EndProject
Global
	GlobalSection(SolutionConfigurationPlatforms) = preSolution
		DebugGame Editor|HTML5 = DebugGame Editor|HTML5
		DebugGame Editor|Win32 = DebugGame Editor|Win32
		DebugGame Editor|Win64 = DebugGame Editor|Win64
		DebugGame|HTML5 = DebugGame|HTML5
		DebugGame|Win32 = DebugGame|Win32
		DebugGame|Win64 = DebugGame|Win64
		Development Editor|HTML5 = Development Editor|HTML5
		Development Editor|Win32 = Development Editor|Win32
		Development Editor|Win64 = Development Editor|Win64
		Development|HTML5 = Development|HTML5
		Development|Win32 = Development|Win32
		Development|Win64 = Development|Win64
		Shipping|HTML5 = Shipping|HTML5
		Shipping|Win32 = Shipping|Win32
		Shipping|Win64 = Shipping|Win64
	EndGlobalSection
	GlobalSection(ProjectConfigurationPlatforms) = postSolution
		{52652C19-B31E-4AEF-9C76-D5D2398CF3AF}.DebugGame Editor|HTML5.ActiveCfg = BuiltWithUnrealBuildTool|Win32
		{52652C19-B31E-4AEF-9C76-D5D2398CF3AF}.DebugGame Editor|HTML5.Build.0 = BuiltWithUnrealBuildTool|Win32
		{52652C19-B31E-4AEF-9C76-D5D2398CF3AF}.DebugGame Editor|Win32.ActiveCfg = BuiltWithUnrealBuildTool|Win32
		{52652C19-B31E-4AEF-9C76-D5D2398CF3AF}.DebugGame Editor|Win32.Build.0 = BuiltWithUnrealBuildTool|Win32
		{52652C19-B31E-4AEF-9C76-D5D2398CF3AF}.DebugGame Editor|Win64.ActiveCfg = BuiltWithUnrealBuildTool|Win32
		{52652C19-B31E-4AEF-9C76-D5D2398CF3AF}.DebugGame Editor|Win64.Build.0 = BuiltWithUnrealBuildTool|Win32
		{52652C19-B31E-4AEF-9C76-D5D2398CF3AF}.DebugGame|HTML5.ActiveCfg = BuiltWithUnrealBuildTool|Win32
		{52652C19-B31E-4AEF-9C76-D5D2398CF3AF}.DebugGame|HTML5.Build.0 = BuiltWithUnrealBuildTool|Win32
		{52652C19-B31E-4AEF-9C76-D5D2398CF3AF}.DebugGame|Win32.ActiveCfg = BuiltWithUnrealBuildTool|Win32
		{52652C19-B31E-4AEF-9C76-D5D2398CF3AF}.DebugGame|Win32.Build.0 = BuiltWithUnrealBuildTool|Win32
		{52652C19-B31E-4AEF-9C76-D5D2398CF3AF}.DebugGame|Win64.ActiveCfg = BuiltWithUnrealBuildTool|Win32
		{52652C19-B31E-4AEF-9C76-D5D2398CF3AF}.DebugGame|Win64.Build.0 = BuiltWithUnrealBuildTool|Win32
		{52652C19-B31E-4AEF-9C76-D5D2398CF3AF}.Development Editor|HTML5.ActiveCfg = BuiltWithUnrealBuildTool|Win32
		{52652C19-B31E-4AEF-9C76-D5D2398CF3AF}.Development Editor|HTML5.Build.0 = BuiltWithUnrealBuildTool|Win32
		{52652C19-B31E-4AEF-9C76-D5D2398CF3AF}.Development Editor|Win32.ActiveCfg = BuiltWithUnrealBuildTool|Win32
		{52652C19-B31E-4AEF-9C76-D5D2398CF3AF}.Development Editor|Win32.Build.0 = BuiltWithUnrealBuildTool|Win32
		{52652C19-B31E-4AEF-9C76-D5D2398CF3AF}.Development Editor|Win64.ActiveCfg = BuiltWithUnrealBuildTool|Win32
		{52652C19-B31E-4AEF-9C76-D5D2398CF3AF}.Development Editor|Win64.Build.0 = BuiltWithUnrealBuildTool|Win32
		{52652C19-B31E-4AEF-9C76-D5D2398CF3AF}.Development|HTML5.ActiveCfg = BuiltWithUnrealBuildTool|Win32
		{52652C19-B31E-4AEF-9C76-D5D2398CF3AF}.Development|HTML5.Build.0 = BuiltWithUnrealBuildTool|Win32
		{52652C19-B31E-4AEF-9C76-D5D2398CF3AF}.Development|Win32.ActiveCfg = BuiltWithUnrealBuildTool|Win32
		{52652C19-B31E-4AEF-9C76-D5D2398CF3AF}.Development|Win32.Build.0 = BuiltWithUnrealBuildTool|Win32
		{52652C19-B31E-4AEF-9C76-D5D2398CF3AF}.Development|Win64.ActiveCfg = BuiltWithUnrealBuildTool|Win32
		{52652C19-B31E-4AEF-9C76-D5D2398CF3AF}.Development|Win64.Build.0 = BuiltWithUnrealBuildTool|Win32
		{52652C19-B31E-4AEF-9C76-D5D2398CF3AF}.Shipping|HTML5.ActiveCfg = BuiltWithUnrealBuildTool|Win32
		{52652C19-B31E-4AEF-9C76-D5D2398CF3AF}.Shipping|HTML5.Build.0 = BuiltWithUnrealBuildTool|Win32
		{52652C19-B31E-4AEF-9C76-D5D2398CF3AF}.Shipping|Win32.ActiveCfg = BuiltWithUnrealBuildTool|Win32
		{52652C19-B31E-4AEF-9C76-D5D2398CF3AF}.Shipping|Win32.Build.0 = BuiltWithUnrealBuildTool|Win32
		{52652C19-B31E-4AEF-9C76-D5D2398CF3AF}.Shipping|Win64.ActiveCfg = BuiltWithUnrealBuildTool|Win32
		{52652C19-B31E-4AEF-9C76-D5D2398CF3AF}.Shipping|Win64.Build.0 = BuiltWithUnrealBuildTool|Win32
		{82DC2F90-50B5-47E6-8D8A-90D0095662BB}.DebugGame Editor|HTML5.ActiveCfg = HTML5_DebugGame_Editor|Win32
		{82DC2F90-50B5-47E6-8D8A-90D0095662BB}.DebugGame Editor|Win32.ActiveCfg = DebugGame_Editor|Win32
		{82DC2F90-50B5-47E6-8D8A-90D0095662BB}.DebugGame Editor|Win64.ActiveCfg = DebugGame_Editor|x64
		{82DC2F90-50B5-47E6-8D8A-90D0095662BB}.DebugGame Editor|Win64.Build.0 = DebugGame_Editor|x64
		{82DC2F90-50B5-47E6-8D8A-90D0095662BB}.DebugGame|HTML5.ActiveCfg = HTML5_DebugGame_Game|Win32
		{82DC2F90-50B5-47E6-8D8A-90D0095662BB}.DebugGame|HTML5.Build.0 = HTML5_DebugGame_Game|Win32
		{82DC2F90-50B5-47E6-8D8A-90D0095662BB}.DebugGame|Win32.ActiveCfg = DebugGame_Game|Win32
		{82DC2F90-50B5-47E6-8D8A-90D0095662BB}.DebugGame|Win32.Build.0 = DebugGame_Game|Win32
		{82DC2F90-50B5-47E6-8D8A-90D0095662BB}.DebugGame|Win64.ActiveCfg = DebugGame_Game|x64
		{82DC2F90-50B5-47E6-8D8A-90D0095662BB}.DebugGame|Win64.Build.0 = DebugGame_Game|x64
		{82DC2F90-50B5-47E6-8D8A-90D0095662BB}.Development Editor|HTML5.ActiveCfg = HTML5_Development_Editor|Win32
		{82DC2F90-50B5-47E6-8D8A-90D0095662BB}.Development Editor|Win32.ActiveCfg = Development_Editor|Win32
		{82DC2F90-50B5-47E6-8D8A-90D0095662BB}.Development Editor|Win64.ActiveCfg = Development_Editor|x64
		{82DC2F90-50B5-47E6-8D8A-90D0095662BB}.Development Editor|Win64.Build.0 = Development_Editor|x64
		{82DC2F90-50B5-47E6-8D8A-90D0095662BB}.Development|HTML5.ActiveCfg = HTML5_Development_Game|Win32
		{82DC2F90-50B5-47E6-8D8A-90D0095662BB}.Development|HTML5.Build.0 = HTML5_Development_Game|Win32
		{82DC2F90-50B5-47E6-8D8A-90D0095662BB}.Development|Win32.ActiveCfg = Development_Game|Win32
		{82DC2F90-50B5-47E6-8D8A-90D0095662BB}.Development|Win32.Build.0 = Development_Game|Win32
		{82DC2F90-50B5-47E6-8D8A-90D0095662BB}.Development|Win64.ActiveCfg = Development_Game|x64
		{82DC2F90-50B5-47E6-8D8A-90D0095662BB}.Development|Win64.Build.0 = Development_Game|x64
		{82DC2F90-50B5-47E6-8D8A-90D0095662BB}.Shipping|HTML5.ActiveCfg = HTML5_Shipping_Game|Win32
		{82DC2F90-50B5-47E6-8D8A-90D0095662BB}.Shipping|HTML5.Build.0 = HTML5_Shipping_Game|Win32
		{82DC2F90-50B5-47E6-8D8A-90D0095662BB}.Shipping|Win32.ActiveCfg = Shipping_Game|Win32
		{82DC2F90-50B5-47E6-8D8A-90D0095662BB}.Shipping|Win32.Build.0 = Shipping_Game|Win32
		{82DC2F90-50B5-47E6-8D8A-90D0095662BB}.Shipping|Win64.ActiveCfg = Shipping_Game|x64
		{82DC2F90-50B5-47E6-8D8A-90D0095662BB}.Shipping|Win64.Build.0 = Shipping_Game|x64
	EndGlobalSection
	GlobalSection(SolutionProperties) = preSolution
		HideSolutionNode = FALSE
	EndGlobalSection
	GlobalSection(NestedProjects) = preSolution
		{52652C19-B31E-4AEF-9C76-D5D2398CF3AF} = {B11EF7D1-7549-46E0-8378-95B84C06087F}
		{82DC2F90-50B5-47E6-8D8A-90D0095662BB} = {83380310-81A0-4468-A04A-B716BE88FB6F}
	EndGlobalSection
	GlobalSection(ExtensibilityGlobals) = postSolution
		SolutionGuid = {43D8B51F-DB3F-4BEF-B6AE-55ED5BECF848}
	EndGlobalSection
EndGlobal
